
Microsoft Visual Studio Solution File, Format Version 12.00
# Visual Studio Version 16
VisualStudioVersion = 16.0.28729.10
MinimumVisualStudioVersion = 10.0.40219.1
Project("{FAE04EC0-301F-11D3-BF4B-00C04F79EFBC}") = "NukeHax", "NukeHax\NukeHax.csproj", "{074E66D6-6C4E-4E36-A51E-C0D37764BDAC}"
EndProject
Global
	GlobalSection(SolutionConfigurationPlatforms) = preSolution
		Debug|Any CPU = Debug|Any CPU
		Release|Any CPU = Release|Any CPU
	EndGlobalSection
	GlobalSection(ProjectConfigurationPlatforms) = postSolution
		{074E66D6-6C4E-4E36-A51E-C0D37764BDAC}.Debug|Any CPU.ActiveCfg = Debug|Any CPU
		{074E66D6-6C4E-4E36-A51E-C0D37764BDAC}.Debug|Any CPU.Build.0 = Debug|Any CPU
		{074E66D6-6C4E-4E36-A51E-C0D37764BDAC}.Release|Any CPU.ActiveCfg = Release|Any CPU
		{074E66D6-6C4E-4E36-A51E-C0D37764BDAC}.Release|Any CPU.Build.0 = Release|Any CPU
	EndGlobalSection
	GlobalSection(SolutionProperties) = preSolution
		HideSolutionNode = FALSE
	EndGlobalSection
EndGlobal
